
Microsoft Visual Studio Solution File, Format Version 11.00
# Visual Studio 2010
Project("{FAE04EC0-301F-11D3-BF4B-00C04F79EFBC}") = "Android Game Prototype", "Assembly-CSharp-firstpass.csproj", "{09E8759C-87DA-7C15-1BBA-9FA9A03A107E}"
EndProject
Project("{FAE04EC0-301F-11D3-BF4B-00C04F79EFBC}") = "Android Game Prototype", "Assembly-CSharp.csproj", "{01023AE1-C19D-CEC5-E8C7-2A94AC149791}"
EndProject
Project("{FAE04EC0-301F-11D3-BF4B-00C04F79EFBC}") = "Android Game Prototype", "Assembly-CSharp-Editor.csproj", "{D1A5DFB2-8AF9-0F5F-E3C6-544112C7F1E5}"
EndProject
Project("{A80F4CB8-8454-FF34-8C7D-181EB33E94F3}") = "Android Game Prototype", "Assembly-UnityScript.unityproj", "{C462D3B8-AB11-72FE-2C1E-B34FC21613C6}"
EndProject
Global
	GlobalSection(SolutionConfigurationPlatforms) = preSolution
		Debug|Any CPU = Debug|Any CPU
		Release|Any CPU = Release|Any CPU
	EndGlobalSection
	GlobalSection(ProjectConfigurationPlatforms) = postSolution
		{09E8759C-87DA-7C15-1BBA-9FA9A03A107E}.Debug|Any CPU.ActiveCfg = Debug|Any CPU
		{09E8759C-87DA-7C15-1BBA-9FA9A03A107E}.Debug|Any CPU.Build.0 = Debug|Any CPU
		{09E8759C-87DA-7C15-1BBA-9FA9A03A107E}.Release|Any CPU.ActiveCfg = Release|Any CPU
		{09E8759C-87DA-7C15-1BBA-9FA9A03A107E}.Release|Any CPU.Build.0 = Release|Any CPU
		{01023AE1-C19D-CEC5-E8C7-2A94AC149791}.Debug|Any CPU.ActiveCfg = Debug|Any CPU
		{01023AE1-C19D-CEC5-E8C7-2A94AC149791}.Debug|Any CPU.Build.0 = Debug|Any CPU
		{01023AE1-C19D-CEC5-E8C7-2A94AC149791}.Release|Any CPU.ActiveCfg = Release|Any CPU
		{01023AE1-C19D-CEC5-E8C7-2A94AC149791}.Release|Any CPU.Build.0 = Release|Any CPU
		{D1A5DFB2-8AF9-0F5F-E3C6-544112C7F1E5}.Debug|Any CPU.ActiveCfg = Debug|Any CPU
		{D1A5DFB2-8AF9-0F5F-E3C6-544112C7F1E5}.Debug|Any CPU.Build.0 = Debug|Any CPU
		{D1A5DFB2-8AF9-0F5F-E3C6-544112C7F1E5}.Release|Any CPU.ActiveCfg = Release|Any CPU
		{D1A5DFB2-8AF9-0F5F-E3C6-544112C7F1E5}.Release|Any CPU.Build.0 = Release|Any CPU
		{C462D3B8-AB11-72FE-2C1E-B34FC21613C6}.Debug|Any CPU.ActiveCfg = Debug|Any CPU
		{C462D3B8-AB11-72FE-2C1E-B34FC21613C6}.Debug|Any CPU.Build.0 = Debug|Any CPU
		{C462D3B8-AB11-72FE-2C1E-B34FC21613C6}.Release|Any CPU.ActiveCfg = Release|Any CPU
		{C462D3B8-AB11-72FE-2C1E-B34FC21613C6}.Release|Any CPU.Build.0 = Release|Any CPU
	EndGlobalSection
	GlobalSection(SolutionProperties) = preSolution
		HideSolutionNode = FALSE
	EndGlobalSection
	GlobalSection(MonoDevelopProperties) = preSolution
		StartupItem = Assembly-CSharp.csproj
	EndGlobalSection
EndGlobal
